// !$*UTF8*$!
{
	archiveVersion = 1;
	classes = {
	};
	objectVersion = 56;
	objects = {

/* Begin PBXBuildFile section */
		E461BD502BDA5540008CFD7D /* MypageViewModel.swift in Sources */ = {isa = PBXBuildFile; fileRef = E461BD4F2BDA5540008CFD7D /* MypageViewModel.swift */; };
		E461BD532BDA5D0A008CFD7D /* FeelingService.swift in Sources */ = {isa = PBXBuildFile; fileRef = E461BD522BDA5D0A008CFD7D /* FeelingService.swift */; };
		E461BD572BDA5D45008CFD7D /* FeelingRequestModel.swift in Sources */ = {isa = PBXBuildFile; fileRef = E461BD562BDA5D45008CFD7D /* FeelingRequestModel.swift */; };
		E4989EE12BC8FD9500D888DC /* VoiceRecordViewModel.swift in Sources */ = {isa = PBXBuildFile; fileRef = E4989EE02BC8FD9400D888DC /* VoiceRecordViewModel.swift */; };
		E4989EE82BC8FE5500D888DC /* Url + Extensioin.swift in Sources */ = {isa = PBXBuildFile; fileRef = E4989EE72BC8FE5500D888DC /* Url + Extensioin.swift */; };
		E4B9A53F2BD243510073F7B9 /* LoginService.swift in Sources */ = {isa = PBXBuildFile; fileRef = E4B9A53E2BD243510073F7B9 /* LoginService.swift */; };
		E4B9A5412BD243F80073F7B9 /* LoginResponseModel.swift in Sources */ = {isa = PBXBuildFile; fileRef = E4B9A5402BD243F80073F7B9 /* LoginResponseModel.swift */; };
		E4B9A5442BD28DAC0073F7B9 /* QuestionService.swift in Sources */ = {isa = PBXBuildFile; fileRef = E4B9A5432BD28DAC0073F7B9 /* QuestionService.swift */; };
		E4B9A5492BD28DF60073F7B9 /* QuestionResponseModel.swift in Sources */ = {isa = PBXBuildFile; fileRef = E4B9A5482BD28DF60073F7B9 /* QuestionResponseModel.swift */; };
		E4C58BCD2BCE430400A1AD58 /* CapstoneUnitsTests.swift in Sources */ = {isa = PBXBuildFile; fileRef = E4C58BCC2BCE430400A1AD58 /* CapstoneUnitsTests.swift */; };
		E4C58BDA2BCE44A200A1AD58 /* CapstoneUITests.swift in Sources */ = {isa = PBXBuildFile; fileRef = E4C58BD92BCE44A200A1AD58 /* CapstoneUITests.swift */; };
		E4C58BDC2BCE44A200A1AD58 /* CapstoneUITestsLaunchTests.swift in Sources */ = {isa = PBXBuildFile; fileRef = E4C58BDB2BCE44A200A1AD58 /* CapstoneUITestsLaunchTests.swift */; };
		E4C58BE82BCE93CA00A1AD58 /* LoginRequestModel.swift in Sources */ = {isa = PBXBuildFile; fileRef = E4C58BE72BCE93CA00A1AD58 /* LoginRequestModel.swift */; };
		E4C58BEA2BCE946700A1AD58 /* LoginViewModel.swift in Sources */ = {isa = PBXBuildFile; fileRef = E4C58BE92BCE946700A1AD58 /* LoginViewModel.swift */; };
		E4D401C62BB2C60C00B4E5C4 /* AppDelegate.swift in Sources */ = {isa = PBXBuildFile; fileRef = E4D401C52BB2C60C00B4E5C4 /* AppDelegate.swift */; };
		E4D401C82BB2C60C00B4E5C4 /* SceneDelegate.swift in Sources */ = {isa = PBXBuildFile; fileRef = E4D401C72BB2C60C00B4E5C4 /* SceneDelegate.swift */; };
		E4D401CA2BB2C60C00B4E5C4 /* LoginViewController.swift in Sources */ = {isa = PBXBuildFile; fileRef = E4D401C92BB2C60C00B4E5C4 /* LoginViewController.swift */; };
		E4D401CF2BB2C60D00B4E5C4 /* Assets.xcassets in Resources */ = {isa = PBXBuildFile; fileRef = E4D401CE2BB2C60D00B4E5C4 /* Assets.xcassets */; };
		E4D401D22BB2C60D00B4E5C4 /* LaunchScreen.storyboard in Resources */ = {isa = PBXBuildFile; fileRef = E4D401D02BB2C60D00B4E5C4 /* LaunchScreen.storyboard */; };
		E4D401DD2BB2C6FC00B4E5C4 /* Color.xcassets in Resources */ = {isa = PBXBuildFile; fileRef = E4D401DC2BB2C6FC00B4E5C4 /* Color.xcassets */; };
		E4D401E12BB2CD1B00B4E5C4 /* Color + Extensioin.swift in Sources */ = {isa = PBXBuildFile; fileRef = E4D401E02BB2CD1B00B4E5C4 /* Color + Extensioin.swift */; };
		E4D401E42BB2CDFE00B4E5C4 /* SnapKit in Frameworks */ = {isa = PBXBuildFile; productRef = E4D401E32BB2CDFE00B4E5C4 /* SnapKit */; };
		E4D401E72BB2CE0B00B4E5C4 /* SwiftKeychainWrapper in Frameworks */ = {isa = PBXBuildFile; productRef = E4D401E62BB2CE0B00B4E5C4 /* SwiftKeychainWrapper */; };
		E4D401EA2BB2CE1E00B4E5C4 /* RxCocoa in Frameworks */ = {isa = PBXBuildFile; productRef = E4D401E92BB2CE1E00B4E5C4 /* RxCocoa */; };
		E4D401EC2BB2CE1E00B4E5C4 /* RxRelay in Frameworks */ = {isa = PBXBuildFile; productRef = E4D401EB2BB2CE1E00B4E5C4 /* RxRelay */; };
		E4D401EE2BB2CE1E00B4E5C4 /* RxSwift in Frameworks */ = {isa = PBXBuildFile; productRef = E4D401ED2BB2CE1E00B4E5C4 /* RxSwift */; };
		E4D401F12BB2CE2D00B4E5C4 /* Alamofire in Frameworks */ = {isa = PBXBuildFile; productRef = E4D401F02BB2CE2D00B4E5C4 /* Alamofire */; };
		E4D401F72BB3E1CC00B4E5C4 /* Kingfisher in Frameworks */ = {isa = PBXBuildFile; productRef = E4D401F62BB3E1CC00B4E5C4 /* Kingfisher */; };
		E4D401FA2BB3E1E500B4E5C4 /* NVActivityIndicatorView in Frameworks */ = {isa = PBXBuildFile; productRef = E4D401F92BB3E1E500B4E5C4 /* NVActivityIndicatorView */; };
		E4D401FC2BB3E1E500B4E5C4 /* NVActivityIndicatorViewExtended in Frameworks */ = {isa = PBXBuildFile; productRef = E4D401FB2BB3E1E500B4E5C4 /* NVActivityIndicatorViewExtended */; };
		E4D402002BB3E63E00B4E5C4 /* MainViewController.swift in Sources */ = {isa = PBXBuildFile; fileRef = E4D401FF2BB3E63E00B4E5C4 /* MainViewController.swift */; };
		E4D402032BB3ED0200B4E5C4 /* MainViewModel.swift in Sources */ = {isa = PBXBuildFile; fileRef = E4D402022BB3ED0200B4E5C4 /* MainViewModel.swift */; };
		E4D402062BB3ED1200B4E5C4 /* TabBarViewController.swift in Sources */ = {isa = PBXBuildFile; fileRef = E4D402052BB3ED1200B4E5C4 /* TabBarViewController.swift */; };
		E4D402092BB3EE6300B4E5C4 /* MypageViewController.swift in Sources */ = {isa = PBXBuildFile; fileRef = E4D402082BB3EE6300B4E5C4 /* MypageViewController.swift */; };
		E4D4020C2BB3EFB400B4E5C4 /* DGCharts in Frameworks */ = {isa = PBXBuildFile; productRef = E4D4020B2BB3EFB400B4E5C4 /* DGCharts */; };
		E4D4020F2BB4094F00B4E5C4 /* FirstQuestionViewController.swift in Sources */ = {isa = PBXBuildFile; fileRef = E4D4020E2BB4094F00B4E5C4 /* FirstQuestionViewController.swift */; };
		E4D402112BB40E0700B4E5C4 /* SecondQuestionViewController.swift in Sources */ = {isa = PBXBuildFile; fileRef = E4D402102BB40E0700B4E5C4 /* SecondQuestionViewController.swift */; };
		E4D402132BB40E1600B4E5C4 /* ThirdQuestionViewController.swift in Sources */ = {isa = PBXBuildFile; fileRef = E4D402122BB40E1600B4E5C4 /* ThirdQuestionViewController.swift */; };
		E4D402152BB40E2100B4E5C4 /* ForthQuestionViewController.swift in Sources */ = {isa = PBXBuildFile; fileRef = E4D402142BB40E2100B4E5C4 /* ForthQuestionViewController.swift */; };
		E4D402192BB52FC500B4E5C4 /* LoadingViewController.swift in Sources */ = {isa = PBXBuildFile; fileRef = E4D402182BB52FC500B4E5C4 /* LoadingViewController.swift */; };
		E4D4021C2BB52FEB00B4E5C4 /* confetti.gif in Resources */ = {isa = PBXBuildFile; fileRef = E4D4021B2BB52FEB00B4E5C4 /* confetti.gif */; };
		E4D4021E2BB53FB500B4E5C4 /* ResultViewController.swift in Sources */ = {isa = PBXBuildFile; fileRef = E4D4021D2BB53FB500B4E5C4 /* ResultViewController.swift */; };
		E4EC74512BEA10E600D1C9FD /* URL.swift in Sources */ = {isa = PBXBuildFile; fileRef = E4EC74502BEA10E600D1C9FD /* URL.swift */; };
/* End PBXBuildFile section */

/* Begin PBXContainerItemProxy section */
		E4C58BC12BCE42B000A1AD58 /* PBXContainerItemProxy */ = {
			isa = PBXContainerItemProxy;
			containerPortal = E4D401BA2BB2C60C00B4E5C4 /* Project object */;
			proxyType = 1;
			remoteGlobalIDString = E4D401C12BB2C60C00B4E5C4;
			remoteInfo = Capstone;
		};
		E4C58BCE2BCE430400A1AD58 /* PBXContainerItemProxy */ = {
			isa = PBXContainerItemProxy;
			containerPortal = E4D401BA2BB2C60C00B4E5C4 /* Project object */;
			proxyType = 1;
			remoteGlobalIDString = E4D401C12BB2C60C00B4E5C4;
			remoteInfo = Capstone;
		};
		E4C58BDD2BCE44A200A1AD58 /* PBXContainerItemProxy */ = {
			isa = PBXContainerItemProxy;
			containerPortal = E4D401BA2BB2C60C00B4E5C4 /* Project object */;
			proxyType = 1;
			remoteGlobalIDString = E4D401C12BB2C60C00B4E5C4;
			remoteInfo = Capstone;
		};
/* End PBXContainerItemProxy section */

/* Begin PBXFileReference section */
		E461BD4F2BDA5540008CFD7D /* MypageViewModel.swift */ = {isa = PBXFileReference; lastKnownFileType = sourcecode.swift; path = MypageViewModel.swift; sourceTree = "<group>"; };
		E461BD522BDA5D0A008CFD7D /* FeelingService.swift */ = {isa = PBXFileReference; lastKnownFileType = sourcecode.swift; path = FeelingService.swift; sourceTree = "<group>"; };
		E461BD562BDA5D45008CFD7D /* FeelingRequestModel.swift */ = {isa = PBXFileReference; lastKnownFileType = sourcecode.swift; path = FeelingRequestModel.swift; sourceTree = "<group>"; };
		E4989EE02BC8FD9400D888DC /* VoiceRecordViewModel.swift */ = {isa = PBXFileReference; lastKnownFileType = sourcecode.swift; path = VoiceRecordViewModel.swift; sourceTree = "<group>"; };
		E4989EE72BC8FE5500D888DC /* Url + Extensioin.swift */ = {isa = PBXFileReference; lastKnownFileType = sourcecode.swift; path = "Url + Extensioin.swift"; sourceTree = "<group>"; };
		E4B9A53E2BD243510073F7B9 /* LoginService.swift */ = {isa = PBXFileReference; lastKnownFileType = sourcecode.swift; path = LoginService.swift; sourceTree = "<group>"; };
		E4B9A5402BD243F80073F7B9 /* LoginResponseModel.swift */ = {isa = PBXFileReference; lastKnownFileType = sourcecode.swift; path = LoginResponseModel.swift; sourceTree = "<group>"; };
		E4B9A5432BD28DAC0073F7B9 /* QuestionService.swift */ = {isa = PBXFileReference; lastKnownFileType = sourcecode.swift; path = QuestionService.swift; sourceTree = "<group>"; };
		E4B9A5482BD28DF60073F7B9 /* QuestionResponseModel.swift */ = {isa = PBXFileReference; lastKnownFileType = sourcecode.swift; path = QuestionResponseModel.swift; sourceTree = "<group>"; };
		E4C58BBD2BCE42B000A1AD58 /* CapstoneTests.xctest */ = {isa = PBXFileReference; explicitFileType = wrapper.cfbundle; includeInIndex = 0; path = CapstoneTests.xctest; sourceTree = BUILT_PRODUCTS_DIR; };
		E4C58BCA2BCE430400A1AD58 /* CapstoneUnitsTests.xctest */ = {isa = PBXFileReference; explicitFileType = wrapper.cfbundle; includeInIndex = 0; path = CapstoneUnitsTests.xctest; sourceTree = BUILT_PRODUCTS_DIR; };
		E4C58BCC2BCE430400A1AD58 /* CapstoneUnitsTests.swift */ = {isa = PBXFileReference; lastKnownFileType = sourcecode.swift; path = CapstoneUnitsTests.swift; sourceTree = "<group>"; };
		E4C58BD72BCE44A100A1AD58 /* CapstoneUITests.xctest */ = {isa = PBXFileReference; explicitFileType = wrapper.cfbundle; includeInIndex = 0; path = CapstoneUITests.xctest; sourceTree = BUILT_PRODUCTS_DIR; };
		E4C58BD92BCE44A200A1AD58 /* CapstoneUITests.swift */ = {isa = PBXFileReference; lastKnownFileType = sourcecode.swift; path = CapstoneUITests.swift; sourceTree = "<group>"; };
		E4C58BDB2BCE44A200A1AD58 /* CapstoneUITestsLaunchTests.swift */ = {isa = PBXFileReference; lastKnownFileType = sourcecode.swift; path = CapstoneUITestsLaunchTests.swift; sourceTree = "<group>"; };
		E4C58BE72BCE93CA00A1AD58 /* LoginRequestModel.swift */ = {isa = PBXFileReference; lastKnownFileType = sourcecode.swift; path = LoginRequestModel.swift; sourceTree = "<group>"; };
		E4C58BE92BCE946700A1AD58 /* LoginViewModel.swift */ = {isa = PBXFileReference; lastKnownFileType = sourcecode.swift; path = LoginViewModel.swift; sourceTree = "<group>"; };
		E4D401C22BB2C60C00B4E5C4 /* Capstone.app */ = {isa = PBXFileReference; explicitFileType = wrapper.application; includeInIndex = 0; path = Capstone.app; sourceTree = BUILT_PRODUCTS_DIR; };
		E4D401C52BB2C60C00B4E5C4 /* AppDelegate.swift */ = {isa = PBXFileReference; lastKnownFileType = sourcecode.swift; path = AppDelegate.swift; sourceTree = "<group>"; };
		E4D401C72BB2C60C00B4E5C4 /* SceneDelegate.swift */ = {isa = PBXFileReference; lastKnownFileType = sourcecode.swift; path = SceneDelegate.swift; sourceTree = "<group>"; };
		E4D401C92BB2C60C00B4E5C4 /* LoginViewController.swift */ = {isa = PBXFileReference; lastKnownFileType = sourcecode.swift; path = LoginViewController.swift; sourceTree = "<group>"; };
		E4D401CE2BB2C60D00B4E5C4 /* Assets.xcassets */ = {isa = PBXFileReference; lastKnownFileType = folder.assetcatalog; path = Assets.xcassets; sourceTree = "<group>"; };
		E4D401D12BB2C60D00B4E5C4 /* Base */ = {isa = PBXFileReference; lastKnownFileType = file.storyboard; name = Base; path = Base.lproj/LaunchScreen.storyboard; sourceTree = "<group>"; };
		E4D401D32BB2C60D00B4E5C4 /* Info.plist */ = {isa = PBXFileReference; lastKnownFileType = text.plist.xml; path = Info.plist; sourceTree = "<group>"; };
		E4D401DC2BB2C6FC00B4E5C4 /* Color.xcassets */ = {isa = PBXFileReference; lastKnownFileType = folder.assetcatalog; path = Color.xcassets; sourceTree = "<group>"; };
		E4D401E02BB2CD1B00B4E5C4 /* Color + Extensioin.swift */ = {isa = PBXFileReference; lastKnownFileType = sourcecode.swift; path = "Color + Extensioin.swift"; sourceTree = "<group>"; };
		E4D401FF2BB3E63E00B4E5C4 /* MainViewController.swift */ = {isa = PBXFileReference; lastKnownFileType = sourcecode.swift; path = MainViewController.swift; sourceTree = "<group>"; };
		E4D402012BB3E98A00B4E5C4 /* Capstone.entitlements */ = {isa = PBXFileReference; lastKnownFileType = text.plist.entitlements; path = Capstone.entitlements; sourceTree = "<group>"; };
		E4D402022BB3ED0200B4E5C4 /* MainViewModel.swift */ = {isa = PBXFileReference; lastKnownFileType = sourcecode.swift; path = MainViewModel.swift; sourceTree = "<group>"; };
		E4D402052BB3ED1200B4E5C4 /* TabBarViewController.swift */ = {isa = PBXFileReference; lastKnownFileType = sourcecode.swift; path = TabBarViewController.swift; sourceTree = "<group>"; };
		E4D402082BB3EE6300B4E5C4 /* MypageViewController.swift */ = {isa = PBXFileReference; lastKnownFileType = sourcecode.swift; path = MypageViewController.swift; sourceTree = "<group>"; };
		E4D4020E2BB4094F00B4E5C4 /* FirstQuestionViewController.swift */ = {isa = PBXFileReference; lastKnownFileType = sourcecode.swift; path = FirstQuestionViewController.swift; sourceTree = "<group>"; };
		E4D402102BB40E0700B4E5C4 /* SecondQuestionViewController.swift */ = {isa = PBXFileReference; lastKnownFileType = sourcecode.swift; path = SecondQuestionViewController.swift; sourceTree = "<group>"; };
		E4D402122BB40E1600B4E5C4 /* ThirdQuestionViewController.swift */ = {isa = PBXFileReference; lastKnownFileType = sourcecode.swift; path = ThirdQuestionViewController.swift; sourceTree = "<group>"; };
		E4D402142BB40E2100B4E5C4 /* ForthQuestionViewController.swift */ = {isa = PBXFileReference; lastKnownFileType = sourcecode.swift; path = ForthQuestionViewController.swift; sourceTree = "<group>"; };
		E4D402182BB52FC500B4E5C4 /* LoadingViewController.swift */ = {isa = PBXFileReference; lastKnownFileType = sourcecode.swift; path = LoadingViewController.swift; sourceTree = "<group>"; };
		E4D4021B2BB52FEB00B4E5C4 /* confetti.gif */ = {isa = PBXFileReference; lastKnownFileType = image.gif; path = confetti.gif; sourceTree = "<group>"; };
		E4D4021D2BB53FB500B4E5C4 /* ResultViewController.swift */ = {isa = PBXFileReference; lastKnownFileType = sourcecode.swift; path = ResultViewController.swift; sourceTree = "<group>"; };
		E4EC74502BEA10E600D1C9FD /* URL.swift */ = {isa = PBXFileReference; lastKnownFileType = sourcecode.swift; path = URL.swift; sourceTree = "<group>"; };
/* End PBXFileReference section */

/* Begin PBXFrameworksBuildPhase section */
		E4C58BBA2BCE42B000A1AD58 /* Frameworks */ = {
			isa = PBXFrameworksBuildPhase;
			buildActionMask = 2147483647;
			files = (
			);
			runOnlyForDeploymentPostprocessing = 0;
		};
		E4C58BC72BCE430400A1AD58 /* Frameworks */ = {
			isa = PBXFrameworksBuildPhase;
			buildActionMask = 2147483647;
			files = (
			);
			runOnlyForDeploymentPostprocessing = 0;
		};
		E4C58BD42BCE44A100A1AD58 /* Frameworks */ = {
			isa = PBXFrameworksBuildPhase;
			buildActionMask = 2147483647;
			files = (
			);
			runOnlyForDeploymentPostprocessing = 0;
		};
		E4D401BF2BB2C60C00B4E5C4 /* Frameworks */ = {
			isa = PBXFrameworksBuildPhase;
			buildActionMask = 2147483647;
			files = (
				E4D401FC2BB3E1E500B4E5C4 /* NVActivityIndicatorViewExtended in Frameworks */,
				E4D401FA2BB3E1E500B4E5C4 /* NVActivityIndicatorView in Frameworks */,
				E4D4020C2BB3EFB400B4E5C4 /* DGCharts in Frameworks */,
				E4D401EA2BB2CE1E00B4E5C4 /* RxCocoa in Frameworks */,
				E4D401E72BB2CE0B00B4E5C4 /* SwiftKeychainWrapper in Frameworks */,
				E4D401F72BB3E1CC00B4E5C4 /* Kingfisher in Frameworks */,
				E4D401EE2BB2CE1E00B4E5C4 /* RxSwift in Frameworks */,
				E4D401F12BB2CE2D00B4E5C4 /* Alamofire in Frameworks */,
				E4D401EC2BB2CE1E00B4E5C4 /* RxRelay in Frameworks */,
				E4D401E42BB2CDFE00B4E5C4 /* SnapKit in Frameworks */,
			);
			runOnlyForDeploymentPostprocessing = 0;
		};
/* End PBXFrameworksBuildPhase section */

/* Begin PBXGroup section */
		E461BD512BDA5D01008CFD7D /* Feeling */ = {
			isa = PBXGroup;
			children = (
				E461BD522BDA5D0A008CFD7D /* FeelingService.swift */,
			);
			path = Feeling;
			sourceTree = "<group>";
		};
		E461BD542BDA5D2F008CFD7D /* Feeling */ = {
			isa = PBXGroup;
			children = (
				E461BD552BDA5D39008CFD7D /* Request */,
			);
			path = Feeling;
			sourceTree = "<group>";
		};
		E461BD552BDA5D39008CFD7D /* Request */ = {
			isa = PBXGroup;
			children = (
				E461BD562BDA5D45008CFD7D /* FeelingRequestModel.swift */,
			);
			path = Request;
			sourceTree = "<group>";
		};
		E4989EDF2BC8FD8600D888DC /* First */ = {
			isa = PBXGroup;
			children = (
				E4D4020E2BB4094F00B4E5C4 /* FirstQuestionViewController.swift */,
			);
			path = First;
			sourceTree = "<group>";
		};
		E4989EE22BC8FD9A00D888DC /* Second */ = {
			isa = PBXGroup;
			children = (
				E4D402102BB40E0700B4E5C4 /* SecondQuestionViewController.swift */,
			);
			path = Second;
			sourceTree = "<group>";
		};
		E4989EE32BC8FDA100D888DC /* Third */ = {
			isa = PBXGroup;
			children = (
				E4D402122BB40E1600B4E5C4 /* ThirdQuestionViewController.swift */,
			);
			path = Third;
			sourceTree = "<group>";
		};
		E4989EE42BC8FDA700D888DC /* Forth */ = {
			isa = PBXGroup;
			children = (
				E4D402142BB40E2100B4E5C4 /* ForthQuestionViewController.swift */,
			);
			path = Forth;
			sourceTree = "<group>";
		};
		E4989EE52BC8FE3600D888DC /* Service_Network */ = {
			isa = PBXGroup;
			children = (
				E4EC74502BEA10E600D1C9FD /* URL.swift */,
				E461BD512BDA5D01008CFD7D /* Feeling */,
				E4B9A5422BD28D9E0073F7B9 /* Question */,
				E4B9A53D2BD243480073F7B9 /* Auth */,
			);
			path = Service_Network;
			sourceTree = "<group>";
		};
		E4B9A53D2BD243480073F7B9 /* Auth */ = {
			isa = PBXGroup;
			children = (
				E4B9A53E2BD243510073F7B9 /* LoginService.swift */,
			);
			path = Auth;
			sourceTree = "<group>";
		};
		E4B9A5422BD28D9E0073F7B9 /* Question */ = {
			isa = PBXGroup;
			children = (
				E4B9A5432BD28DAC0073F7B9 /* QuestionService.swift */,
			);
			path = Question;
			sourceTree = "<group>";
		};
		E4B9A5452BD28DC60073F7B9 /* Question */ = {
			isa = PBXGroup;
			children = (
				E4B9A5472BD28DD40073F7B9 /* Response */,
				E4B9A5462BD28DCD0073F7B9 /* Request */,
			);
			path = Question;
			sourceTree = "<group>";
		};
		E4B9A5462BD28DCD0073F7B9 /* Request */ = {
			isa = PBXGroup;
			children = (
			);
			path = Request;
			sourceTree = "<group>";
		};
		E4B9A5472BD28DD40073F7B9 /* Response */ = {
			isa = PBXGroup;
			children = (
				E4B9A5482BD28DF60073F7B9 /* QuestionResponseModel.swift */,
			);
			path = Response;
			sourceTree = "<group>";
		};
		E4C58BCB2BCE430400A1AD58 /* CapstoneUnitsTests */ = {
			isa = PBXGroup;
			children = (
				E4C58BCC2BCE430400A1AD58 /* CapstoneUnitsTests.swift */,
			);
			path = CapstoneUnitsTests;
			sourceTree = "<group>";
		};
		E4C58BD82BCE44A100A1AD58 /* CapstoneUITests */ = {
			isa = PBXGroup;
			children = (
				E4C58BD92BCE44A200A1AD58 /* CapstoneUITests.swift */,
				E4C58BDB2BCE44A200A1AD58 /* CapstoneUITestsLaunchTests.swift */,
			);
			path = CapstoneUITests;
			sourceTree = "<group>";
		};
		E4C58BE22BCE939000A1AD58 /* Model */ = {
			isa = PBXGroup;
			children = (
				E461BD542BDA5D2F008CFD7D /* Feeling */,
				E4B9A5452BD28DC60073F7B9 /* Question */,
				E4C58BE32BCE93A700A1AD58 /* Auth */,
			);
			path = Model;
			sourceTree = "<group>";
		};
		E4C58BE32BCE93A700A1AD58 /* Auth */ = {
			isa = PBXGroup;
			children = (
				E4C58BE42BCE93B400A1AD58 /* Login */,
			);
			path = Auth;
			sourceTree = "<group>";
		};
		E4C58BE42BCE93B400A1AD58 /* Login */ = {
			isa = PBXGroup;
			children = (
				E4C58BE62BCE93BF00A1AD58 /* Response */,
				E4C58BE52BCE93B900A1AD58 /* Request */,
			);
			path = Login;
			sourceTree = "<group>";
		};
		E4C58BE52BCE93B900A1AD58 /* Request */ = {
			isa = PBXGroup;
			children = (
				E4C58BE72BCE93CA00A1AD58 /* LoginRequestModel.swift */,
			);
			path = Request;
			sourceTree = "<group>";
		};
		E4C58BE62BCE93BF00A1AD58 /* Response */ = {
			isa = PBXGroup;
			children = (
				E4B9A5402BD243F80073F7B9 /* LoginResponseModel.swift */,
			);
			path = Response;
			sourceTree = "<group>";
		};
		E4D401B92BB2C60C00B4E5C4 = {
			isa = PBXGroup;
			children = (
				E4D401C42BB2C60C00B4E5C4 /* Capstone */,
				E4C58BCB2BCE430400A1AD58 /* CapstoneUnitsTests */,
				E4C58BD82BCE44A100A1AD58 /* CapstoneUITests */,
				E4D401C32BB2C60C00B4E5C4 /* Products */,
			);
			sourceTree = "<group>";
		};
		E4D401C32BB2C60C00B4E5C4 /* Products */ = {
			isa = PBXGroup;
			children = (
				E4D401C22BB2C60C00B4E5C4 /* Capstone.app */,
				E4C58BBD2BCE42B000A1AD58 /* CapstoneTests.xctest */,
				E4C58BCA2BCE430400A1AD58 /* CapstoneUnitsTests.xctest */,
				E4C58BD72BCE44A100A1AD58 /* CapstoneUITests.xctest */,
			);
			name = Products;
			sourceTree = "<group>";
		};
		E4D401C42BB2C60C00B4E5C4 /* Capstone */ = {
			isa = PBXGroup;
			children = (
				E4D401D32BB2C60D00B4E5C4 /* Info.plist */,
				E4D402012BB3E98A00B4E5C4 /* Capstone.entitlements */,
				E4989EE52BC8FE3600D888DC /* Service_Network */,
				E4C58BE22BCE939000A1AD58 /* Model */,
				E4D401DE2BB2CBF600B4E5C4 /* Feat */,
				E4D401DF2BB2CBFA00B4E5C4 /* Core */,
				E4D401D92BB2C6D300B4E5C4 /* App */,
			);
			path = Capstone;
			sourceTree = "<group>";
		};
		E4D401D92BB2C6D300B4E5C4 /* App */ = {
			isa = PBXGroup;
			children = (
				E4D401DA2BB2C6D900B4E5C4 /* Delegate */,
				E4D401D02BB2C60D00B4E5C4 /* LaunchScreen.storyboard */,
				E4D401CE2BB2C60D00B4E5C4 /* Assets.xcassets */,
				E4D401DC2BB2C6FC00B4E5C4 /* Color.xcassets */,
			);
			path = App;
			sourceTree = "<group>";
		};
		E4D401DA2BB2C6D900B4E5C4 /* Delegate */ = {
			isa = PBXGroup;
			children = (
				E4D401C72BB2C60C00B4E5C4 /* SceneDelegate.swift */,
				E4D401C52BB2C60C00B4E5C4 /* AppDelegate.swift */,
			);
			path = Delegate;
			sourceTree = "<group>";
		};
		E4D401DE2BB2CBF600B4E5C4 /* Feat */ = {
			isa = PBXGroup;
			children = (
				E4D402162BB472B500B4E5C4 /* Result */,
				E4D4020D2BB4092800B4E5C4 /* Question */,
				E4D402072BB3EE5900B4E5C4 /* Mypage */,
				E4D402042BB3ED0600B4E5C4 /* Tab */,
				E4D401FE2BB3E63300B4E5C4 /* Main */,
				E4D401FD2BB3E62600B4E5C4 /* Auth */,
			);
			path = Feat;
			sourceTree = "<group>";
		};
		E4D401DF2BB2CBFA00B4E5C4 /* Core */ = {
			isa = PBXGroup;
			children = (
				E4D4021A2BB52FDA00B4E5C4 /* GIF */,
				E4D401E02BB2CD1B00B4E5C4 /* Color + Extensioin.swift */,
				E4989EE72BC8FE5500D888DC /* Url + Extensioin.swift */,
			);
			path = Core;
			sourceTree = "<group>";
		};
		E4D401FD2BB3E62600B4E5C4 /* Auth */ = {
			isa = PBXGroup;
			children = (
				E4D401C92BB2C60C00B4E5C4 /* LoginViewController.swift */,
				E4C58BE92BCE946700A1AD58 /* LoginViewModel.swift */,
			);
			path = Auth;
			sourceTree = "<group>";
		};
		E4D401FE2BB3E63300B4E5C4 /* Main */ = {
			isa = PBXGroup;
			children = (
				E4D401FF2BB3E63E00B4E5C4 /* MainViewController.swift */,
				E4D402022BB3ED0200B4E5C4 /* MainViewModel.swift */,
			);
			path = Main;
			sourceTree = "<group>";
		};
		E4D402042BB3ED0600B4E5C4 /* Tab */ = {
			isa = PBXGroup;
			children = (
				E4D402052BB3ED1200B4E5C4 /* TabBarViewController.swift */,
			);
			path = Tab;
			sourceTree = "<group>";
		};
		E4D402072BB3EE5900B4E5C4 /* Mypage */ = {
			isa = PBXGroup;
			children = (
				E4D402082BB3EE6300B4E5C4 /* MypageViewController.swift */,
				E461BD4F2BDA5540008CFD7D /* MypageViewModel.swift */,
			);
			path = Mypage;
			sourceTree = "<group>";
		};
		E4D4020D2BB4092800B4E5C4 /* Question */ = {
			isa = PBXGroup;
			children = (
				E4989EE02BC8FD9400D888DC /* VoiceRecordViewModel.swift */,
				E4989EDF2BC8FD8600D888DC /* First */,
				E4989EE22BC8FD9A00D888DC /* Second */,
				E4989EE32BC8FDA100D888DC /* Third */,
				E4989EE42BC8FDA700D888DC /* Forth */,
			);
			path = Question;
			sourceTree = "<group>";
		};
		E4D402162BB472B500B4E5C4 /* Result */ = {
			isa = PBXGroup;
			children = (
				E4D402182BB52FC500B4E5C4 /* LoadingViewController.swift */,
				E4D4021D2BB53FB500B4E5C4 /* ResultViewController.swift */,
			);
			path = Result;
			sourceTree = "<group>";
		};
		E4D4021A2BB52FDA00B4E5C4 /* GIF */ = {
			isa = PBXGroup;
			children = (
				E4D4021B2BB52FEB00B4E5C4 /* confetti.gif */,
			);
			path = GIF;
			sourceTree = "<group>";
		};
/* End PBXGroup section */

/* Begin PBXNativeTarget section */
		E4C58BBC2BCE42B000A1AD58 /* CapstoneTests */ = {
			isa = PBXNativeTarget;
			buildConfigurationList = E4C58BC52BCE42B000A1AD58 /* Build configuration list for PBXNativeTarget "CapstoneTests" */;
			buildPhases = (
				E4C58BB92BCE42B000A1AD58 /* Sources */,
				E4C58BBA2BCE42B000A1AD58 /* Frameworks */,
				E4C58BBB2BCE42B000A1AD58 /* Resources */,
			);
			buildRules = (
			);
			dependencies = (
				E4C58BC22BCE42B000A1AD58 /* PBXTargetDependency */,
			);
			name = CapstoneTests;
			productName = CapstoneTests;
			productReference = E4C58BBD2BCE42B000A1AD58 /* CapstoneTests.xctest */;
			productType = "com.apple.product-type.bundle.unit-test";
		};
		E4C58BC92BCE430400A1AD58 /* CapstoneUnitsTests */ = {
			isa = PBXNativeTarget;
			buildConfigurationList = E4C58BD02BCE430400A1AD58 /* Build configuration list for PBXNativeTarget "CapstoneUnitsTests" */;
			buildPhases = (
				E4C58BC62BCE430400A1AD58 /* Sources */,
				E4C58BC72BCE430400A1AD58 /* Frameworks */,
				E4C58BC82BCE430400A1AD58 /* Resources */,
			);
			buildRules = (
			);
			dependencies = (
				E4C58BCF2BCE430400A1AD58 /* PBXTargetDependency */,
			);
			name = CapstoneUnitsTests;
			productName = CapstoneUnitsTests;
			productReference = E4C58BCA2BCE430400A1AD58 /* CapstoneUnitsTests.xctest */;
			productType = "com.apple.product-type.bundle.unit-test";
		};
		E4C58BD62BCE44A100A1AD58 /* CapstoneUITests */ = {
			isa = PBXNativeTarget;
			buildConfigurationList = E4C58BDF2BCE44A200A1AD58 /* Build configuration list for PBXNativeTarget "CapstoneUITests" */;
			buildPhases = (
				E4C58BD32BCE44A100A1AD58 /* Sources */,
				E4C58BD42BCE44A100A1AD58 /* Frameworks */,
				E4C58BD52BCE44A100A1AD58 /* Resources */,
			);
			buildRules = (
			);
			dependencies = (
				E4C58BDE2BCE44A200A1AD58 /* PBXTargetDependency */,
			);
			name = CapstoneUITests;
			productName = CapstoneUITests;
			productReference = E4C58BD72BCE44A100A1AD58 /* CapstoneUITests.xctest */;
			productType = "com.apple.product-type.bundle.ui-testing";
		};
		E4D401C12BB2C60C00B4E5C4 /* Capstone */ = {
			isa = PBXNativeTarget;
			buildConfigurationList = E4D401D62BB2C60D00B4E5C4 /* Build configuration list for PBXNativeTarget "Capstone" */;
			buildPhases = (
				E4D401BE2BB2C60C00B4E5C4 /* Sources */,
				E4D401BF2BB2C60C00B4E5C4 /* Frameworks */,
				E4D401C02BB2C60C00B4E5C4 /* Resources */,
			);
			buildRules = (
			);
			dependencies = (
			);
			name = Capstone;
			packageProductDependencies = (
				E4D401E32BB2CDFE00B4E5C4 /* SnapKit */,
				E4D401E62BB2CE0B00B4E5C4 /* SwiftKeychainWrapper */,
				E4D401E92BB2CE1E00B4E5C4 /* RxCocoa */,
				E4D401EB2BB2CE1E00B4E5C4 /* RxRelay */,
				E4D401ED2BB2CE1E00B4E5C4 /* RxSwift */,
				E4D401F02BB2CE2D00B4E5C4 /* Alamofire */,
				E4D401F62BB3E1CC00B4E5C4 /* Kingfisher */,
				E4D401F92BB3E1E500B4E5C4 /* NVActivityIndicatorView */,
				E4D401FB2BB3E1E500B4E5C4 /* NVActivityIndicatorViewExtended */,
				E4D4020B2BB3EFB400B4E5C4 /* DGCharts */,
			);
			productName = Capstone;
			productReference = E4D401C22BB2C60C00B4E5C4 /* Capstone.app */;
			productType = "com.apple.product-type.application";
		};
/* End PBXNativeTarget section */

/* Begin PBXProject section */
		E4D401BA2BB2C60C00B4E5C4 /* Project object */ = {
			isa = PBXProject;
			attributes = {
				BuildIndependentTargetsInParallel = 1;
				LastSwiftUpdateCheck = 1430;
				LastUpgradeCheck = 1430;
				TargetAttributes = {
					E4C58BBC2BCE42B000A1AD58 = {
						CreatedOnToolsVersion = 14.3.1;
						TestTargetID = E4D401C12BB2C60C00B4E5C4;
					};
					E4C58BC92BCE430400A1AD58 = {
						CreatedOnToolsVersion = 14.3.1;
						TestTargetID = E4D401C12BB2C60C00B4E5C4;
					};
					E4C58BD62BCE44A100A1AD58 = {
						CreatedOnToolsVersion = 14.3.1;
						TestTargetID = E4D401C12BB2C60C00B4E5C4;
					};
					E4D401C12BB2C60C00B4E5C4 = {
						CreatedOnToolsVersion = 14.3.1;
					};
				};
			};
			buildConfigurationList = E4D401BD2BB2C60C00B4E5C4 /* Build configuration list for PBXProject "Capstone" */;
			compatibilityVersion = "Xcode 14.0";
			developmentRegion = en;
			hasScannedForEncodings = 0;
			knownRegions = (
				en,
				Base,
			);
			mainGroup = E4D401B92BB2C60C00B4E5C4;
			packageReferences = (
				E4D401E22BB2CDFE00B4E5C4 /* XCRemoteSwiftPackageReference "SnapKit" */,
				E4D401E52BB2CE0B00B4E5C4 /* XCRemoteSwiftPackageReference "SwiftKeychainWrapper" */,
				E4D401E82BB2CE1E00B4E5C4 /* XCRemoteSwiftPackageReference "RxSwift" */,
				E4D401EF2BB2CE2D00B4E5C4 /* XCRemoteSwiftPackageReference "Alamofire" */,
				E4D401F52BB3E1CC00B4E5C4 /* XCRemoteSwiftPackageReference "Kingfisher" */,
				E4D401F82BB3E1E500B4E5C4 /* XCRemoteSwiftPackageReference "NVActivityIndicatorView" */,
				E4D4020A2BB3EFB400B4E5C4 /* XCRemoteSwiftPackageReference "Charts" */,
			);
			productRefGroup = E4D401C32BB2C60C00B4E5C4 /* Products */;
			projectDirPath = "";
			projectRoot = "";
			targets = (
				E4D401C12BB2C60C00B4E5C4 /* Capstone */,
				E4C58BBC2BCE42B000A1AD58 /* CapstoneTests */,
				E4C58BC92BCE430400A1AD58 /* CapstoneUnitsTests */,
				E4C58BD62BCE44A100A1AD58 /* CapstoneUITests */,
			);
		};
/* End PBXProject section */

/* Begin PBXResourcesBuildPhase section */
		E4C58BBB2BCE42B000A1AD58 /* Resources */ = {
			isa = PBXResourcesBuildPhase;
			buildActionMask = 2147483647;
			files = (
			);
			runOnlyForDeploymentPostprocessing = 0;
		};
		E4C58BC82BCE430400A1AD58 /* Resources */ = {
			isa = PBXResourcesBuildPhase;
			buildActionMask = 2147483647;
			files = (
			);
			runOnlyForDeploymentPostprocessing = 0;
		};
		E4C58BD52BCE44A100A1AD58 /* Resources */ = {
			isa = PBXResourcesBuildPhase;
			buildActionMask = 2147483647;
			files = (
			);
			runOnlyForDeploymentPostprocessing = 0;
		};
		E4D401C02BB2C60C00B4E5C4 /* Resources */ = {
			isa = PBXResourcesBuildPhase;
			buildActionMask = 2147483647;
			files = (
				E4D401D22BB2C60D00B4E5C4 /* LaunchScreen.storyboard in Resources */,
				E4D4021C2BB52FEB00B4E5C4 /* confetti.gif in Resources */,
				E4D401CF2BB2C60D00B4E5C4 /* Assets.xcassets in Resources */,
				E4D401DD2BB2C6FC00B4E5C4 /* Color.xcassets in Resources */,
			);
			runOnlyForDeploymentPostprocessing = 0;
		};
/* End PBXResourcesBuildPhase section */

/* Begin PBXSourcesBuildPhase section */
		E4C58BB92BCE42B000A1AD58 /* Sources */ = {
			isa = PBXSourcesBuildPhase;
			buildActionMask = 2147483647;
			files = (
			);
			runOnlyForDeploymentPostprocessing = 0;
		};
		E4C58BC62BCE430400A1AD58 /* Sources */ = {
			isa = PBXSourcesBuildPhase;
			buildActionMask = 2147483647;
			files = (
				E4C58BCD2BCE430400A1AD58 /* CapstoneUnitsTests.swift in Sources */,
			);
			runOnlyForDeploymentPostprocessing = 0;
		};
		E4C58BD32BCE44A100A1AD58 /* Sources */ = {
			isa = PBXSourcesBuildPhase;
			buildActionMask = 2147483647;
			files = (
				E4C58BDC2BCE44A200A1AD58 /* CapstoneUITestsLaunchTests.swift in Sources */,
				E4C58BDA2BCE44A200A1AD58 /* CapstoneUITests.swift in Sources */,
			);
			runOnlyForDeploymentPostprocessing = 0;
		};
		E4D401BE2BB2C60C00B4E5C4 /* Sources */ = {
			isa = PBXSourcesBuildPhase;
			buildActionMask = 2147483647;
			files = (
				E4B9A5412BD243F80073F7B9 /* LoginResponseModel.swift in Sources */,
				E4B9A53F2BD243510073F7B9 /* LoginService.swift in Sources */,
				E4D401CA2BB2C60C00B4E5C4 /* LoginViewController.swift in Sources */,
				E4B9A5442BD28DAC0073F7B9 /* QuestionService.swift in Sources */,
				E4D4020F2BB4094F00B4E5C4 /* FirstQuestionViewController.swift in Sources */,
				E4EC74512BEA10E600D1C9FD /* URL.swift in Sources */,
				E4D402152BB40E2100B4E5C4 /* ForthQuestionViewController.swift in Sources */,
				E4D402112BB40E0700B4E5C4 /* SecondQuestionViewController.swift in Sources */,
				E4D401C62BB2C60C00B4E5C4 /* AppDelegate.swift in Sources */,
				E4989EE82BC8FE5500D888DC /* Url + Extensioin.swift in Sources */,
				E4D401C82BB2C60C00B4E5C4 /* SceneDelegate.swift in Sources */,
				E4D401E12BB2CD1B00B4E5C4 /* Color + Extensioin.swift in Sources */,
				E4C58BEA2BCE946700A1AD58 /* LoginViewModel.swift in Sources */,
				E4D402132BB40E1600B4E5C4 /* ThirdQuestionViewController.swift in Sources */,
				E461BD532BDA5D0A008CFD7D /* FeelingService.swift in Sources */,
				E4D402062BB3ED1200B4E5C4 /* TabBarViewController.swift in Sources */,
				E4C58BE82BCE93CA00A1AD58 /* LoginRequestModel.swift in Sources */,
				E4D4021E2BB53FB500B4E5C4 /* ResultViewController.swift in Sources */,
				E4D402002BB3E63E00B4E5C4 /* MainViewController.swift in Sources */,
				E4D402032BB3ED0200B4E5C4 /* MainViewModel.swift in Sources */,
				E4B9A5492BD28DF60073F7B9 /* QuestionResponseModel.swift in Sources */,
				E461BD572BDA5D45008CFD7D /* FeelingRequestModel.swift in Sources */,
				E4D402192BB52FC500B4E5C4 /* LoadingViewController.swift in Sources */,
				E4D402092BB3EE6300B4E5C4 /* MypageViewController.swift in Sources */,
				E4989EE12BC8FD9500D888DC /* VoiceRecordViewModel.swift in Sources */,
				E461BD502BDA5540008CFD7D /* MypageViewModel.swift in Sources */,
			);
			runOnlyForDeploymentPostprocessing = 0;
		};
/* End PBXSourcesBuildPhase section */

/* Begin PBXTargetDependency section */
		E4C58BC22BCE42B000A1AD58 /* PBXTargetDependency */ = {
			isa = PBXTargetDependency;
			target = E4D401C12BB2C60C00B4E5C4 /* Capstone */;
			targetProxy = E4C58BC12BCE42B000A1AD58 /* PBXContainerItemProxy */;
		};
		E4C58BCF2BCE430400A1AD58 /* PBXTargetDependency */ = {
			isa = PBXTargetDependency;
			target = E4D401C12BB2C60C00B4E5C4 /* Capstone */;
			targetProxy = E4C58BCE2BCE430400A1AD58 /* PBXContainerItemProxy */;
		};
		E4C58BDE2BCE44A200A1AD58 /* PBXTargetDependency */ = {
			isa = PBXTargetDependency;
			target = E4D401C12BB2C60C00B4E5C4 /* Capstone */;
			targetProxy = E4C58BDD2BCE44A200A1AD58 /* PBXContainerItemProxy */;
		};
/* End PBXTargetDependency section */

/* Begin PBXVariantGroup section */
		E4D401D02BB2C60D00B4E5C4 /* LaunchScreen.storyboard */ = {
			isa = PBXVariantGroup;
			children = (
				E4D401D12BB2C60D00B4E5C4 /* Base */,
			);
			name = LaunchScreen.storyboard;
			sourceTree = "<group>";
		};
/* End PBXVariantGroup section */

/* Begin XCBuildConfiguration section */
		E4C58BC32BCE42B000A1AD58 /* Debug */ = {
			isa = XCBuildConfiguration;
			buildSettings = {
				BUNDLE_LOADER = "$(TEST_HOST)";
				CODE_SIGN_STYLE = Automatic;
				CURRENT_PROJECT_VERSION = 1;
				DEVELOPMENT_TEAM = Q653PU93R6;
				GENERATE_INFOPLIST_FILE = YES;
				IPHONEOS_DEPLOYMENT_TARGET = 16.4;
				MACOSX_DEPLOYMENT_TARGET = 13.0;
				MARKETING_VERSION = 1.0;
				PRODUCT_BUNDLE_IDENTIFIER = WEDLE.CapstoneTests;
				PRODUCT_NAME = "$(TARGET_NAME)";
				SDKROOT = auto;
				SUPPORTED_PLATFORMS = "iphoneos iphonesimulator macosx";
				SWIFT_EMIT_LOC_STRINGS = NO;
				SWIFT_VERSION = 5.0;
				TARGETED_DEVICE_FAMILY = "1,2";
				TEST_HOST = "$(BUILT_PRODUCTS_DIR)/Capstone.app/$(BUNDLE_EXECUTABLE_FOLDER_PATH)/Capstone";
			};
			name = Debug;
		};
		E4C58BC42BCE42B000A1AD58 /* Release */ = {
			isa = XCBuildConfiguration;
			buildSettings = {
				BUNDLE_LOADER = "$(TEST_HOST)";
				CODE_SIGN_STYLE = Automatic;
				CURRENT_PROJECT_VERSION = 1;
				DEVELOPMENT_TEAM = Q653PU93R6;
				GENERATE_INFOPLIST_FILE = YES;
				IPHONEOS_DEPLOYMENT_TARGET = 16.4;
				MACOSX_DEPLOYMENT_TARGET = 13.0;
				MARKETING_VERSION = 1.0;
				PRODUCT_BUNDLE_IDENTIFIER = WEDLE.CapstoneTests;
				PRODUCT_NAME = "$(TARGET_NAME)";
				SDKROOT = auto;
				SUPPORTED_PLATFORMS = "iphoneos iphonesimulator macosx";
				SWIFT_EMIT_LOC_STRINGS = NO;
				SWIFT_VERSION = 5.0;
				TARGETED_DEVICE_FAMILY = "1,2";
				TEST_HOST = "$(BUILT_PRODUCTS_DIR)/Capstone.app/$(BUNDLE_EXECUTABLE_FOLDER_PATH)/Capstone";
			};
			name = Release;
		};
		E4C58BD12BCE430400A1AD58 /* Debug */ = {
			isa = XCBuildConfiguration;
			buildSettings = {
				BUNDLE_LOADER = "$(TEST_HOST)";
				CODE_SIGN_STYLE = Automatic;
				CURRENT_PROJECT_VERSION = 1;
				DEVELOPMENT_TEAM = Q653PU93R6;
				GENERATE_INFOPLIST_FILE = YES;
				IPHONEOS_DEPLOYMENT_TARGET = 16.4;
				MACOSX_DEPLOYMENT_TARGET = 13.0;
				MARKETING_VERSION = 1.0;
				PRODUCT_BUNDLE_IDENTIFIER = WEDLE.CapstoneUnitsTests;
				PRODUCT_NAME = "$(TARGET_NAME)";
				SDKROOT = auto;
				SUPPORTED_PLATFORMS = "iphoneos iphonesimulator macosx";
				SWIFT_EMIT_LOC_STRINGS = NO;
				SWIFT_VERSION = 5.0;
				TARGETED_DEVICE_FAMILY = "1,2";
				TEST_HOST = "$(BUILT_PRODUCTS_DIR)/Capstone.app/$(BUNDLE_EXECUTABLE_FOLDER_PATH)/Capstone";
			};
			name = Debug;
		};
		E4C58BD22BCE430400A1AD58 /* Release */ = {
			isa = XCBuildConfiguration;
			buildSettings = {
				BUNDLE_LOADER = "$(TEST_HOST)";
				CODE_SIGN_STYLE = Automatic;
				CURRENT_PROJECT_VERSION = 1;
				DEVELOPMENT_TEAM = Q653PU93R6;
				GENERATE_INFOPLIST_FILE = YES;
				IPHONEOS_DEPLOYMENT_TARGET = 16.4;
				MACOSX_DEPLOYMENT_TARGET = 13.0;
				MARKETING_VERSION = 1.0;
				PRODUCT_BUNDLE_IDENTIFIER = WEDLE.CapstoneUnitsTests;
				PRODUCT_NAME = "$(TARGET_NAME)";
				SDKROOT = auto;
				SUPPORTED_PLATFORMS = "iphoneos iphonesimulator macosx";
				SWIFT_EMIT_LOC_STRINGS = NO;
				SWIFT_VERSION = 5.0;
				TARGETED_DEVICE_FAMILY = "1,2";
				TEST_HOST = "$(BUILT_PRODUCTS_DIR)/Capstone.app/$(BUNDLE_EXECUTABLE_FOLDER_PATH)/Capstone";
			};
			name = Release;
		};
		E4C58BE02BCE44A200A1AD58 /* Debug */ = {
			isa = XCBuildConfiguration;
			buildSettings = {
				CODE_SIGN_STYLE = Automatic;
				CURRENT_PROJECT_VERSION = 1;
				DEVELOPMENT_TEAM = Q653PU93R6;
				GENERATE_INFOPLIST_FILE = YES;
				MARKETING_VERSION = 1.0;
				PRODUCT_BUNDLE_IDENTIFIER = WEDLE.CapstoneUITests;
				PRODUCT_NAME = "$(TARGET_NAME)";
				SWIFT_EMIT_LOC_STRINGS = NO;
				SWIFT_VERSION = 5.0;
				TARGETED_DEVICE_FAMILY = "1,2";
				TEST_TARGET_NAME = Capstone;
			};
			name = Debug;
		};
		E4C58BE12BCE44A200A1AD58 /* Release */ = {
			isa = XCBuildConfiguration;
			buildSettings = {
				CODE_SIGN_STYLE = Automatic;
				CURRENT_PROJECT_VERSION = 1;
				DEVELOPMENT_TEAM = Q653PU93R6;
				GENERATE_INFOPLIST_FILE = YES;
				MARKETING_VERSION = 1.0;
				PRODUCT_BUNDLE_IDENTIFIER = WEDLE.CapstoneUITests;
				PRODUCT_NAME = "$(TARGET_NAME)";
				SWIFT_EMIT_LOC_STRINGS = NO;
				SWIFT_VERSION = 5.0;
				TARGETED_DEVICE_FAMILY = "1,2";
				TEST_TARGET_NAME = Capstone;
			};
			name = Release;
		};
		E4D401D42BB2C60D00B4E5C4 /* Debug */ = {
			isa = XCBuildConfiguration;
			buildSettings = {
				ALWAYS_SEARCH_USER_PATHS = NO;
				CLANG_ANALYZER_NONNULL = YES;
				CLANG_ANALYZER_NUMBER_OBJECT_CONVERSION = YES_AGGRESSIVE;
				CLANG_CXX_LANGUAGE_STANDARD = "gnu++20";
				CLANG_ENABLE_MODULES = YES;
				CLANG_ENABLE_OBJC_ARC = YES;
				CLANG_ENABLE_OBJC_WEAK = YES;
				CLANG_WARN_BLOCK_CAPTURE_AUTORELEASING = YES;
				CLANG_WARN_BOOL_CONVERSION = YES;
				CLANG_WARN_COMMA = YES;
				CLANG_WARN_CONSTANT_CONVERSION = YES;
				CLANG_WARN_DEPRECATED_OBJC_IMPLEMENTATIONS = YES;
				CLANG_WARN_DIRECT_OBJC_ISA_USAGE = YES_ERROR;
				CLANG_WARN_DOCUMENTATION_COMMENTS = YES;
				CLANG_WARN_EMPTY_BODY = YES;
				CLANG_WARN_ENUM_CONVERSION = YES;
				CLANG_WARN_INFINITE_RECURSION = YES;
				CLANG_WARN_INT_CONVERSION = YES;
				CLANG_WARN_NON_LITERAL_NULL_CONVERSION = YES;
				CLANG_WARN_OBJC_IMPLICIT_RETAIN_SELF = YES;
				CLANG_WARN_OBJC_LITERAL_CONVERSION = YES;
				CLANG_WARN_OBJC_ROOT_CLASS = YES_ERROR;
				CLANG_WARN_QUOTED_INCLUDE_IN_FRAMEWORK_HEADER = YES;
				CLANG_WARN_RANGE_LOOP_ANALYSIS = YES;
				CLANG_WARN_STRICT_PROTOTYPES = YES;
				CLANG_WARN_SUSPICIOUS_MOVE = YES;
				CLANG_WARN_UNGUARDED_AVAILABILITY = YES_AGGRESSIVE;
				CLANG_WARN_UNREACHABLE_CODE = YES;
				CLANG_WARN__DUPLICATE_METHOD_MATCH = YES;
				COPY_PHASE_STRIP = NO;
				DEBUG_INFORMATION_FORMAT = dwarf;
				ENABLE_STRICT_OBJC_MSGSEND = YES;
				ENABLE_TESTABILITY = YES;
				GCC_C_LANGUAGE_STANDARD = gnu11;
				GCC_DYNAMIC_NO_PIC = NO;
				GCC_NO_COMMON_BLOCKS = YES;
				GCC_OPTIMIZATION_LEVEL = 0;
				GCC_PREPROCESSOR_DEFINITIONS = (
					"DEBUG=1",
					"$(inherited)",
				);
				GCC_WARN_64_TO_32_BIT_CONVERSION = YES;
				GCC_WARN_ABOUT_RETURN_TYPE = YES_ERROR;
				GCC_WARN_UNDECLARED_SELECTOR = YES;
				GCC_WARN_UNINITIALIZED_AUTOS = YES_AGGRESSIVE;
				GCC_WARN_UNUSED_FUNCTION = YES;
				GCC_WARN_UNUSED_VARIABLE = YES;
				IPHONEOS_DEPLOYMENT_TARGET = 16.4;
				MTL_ENABLE_DEBUG_INFO = INCLUDE_SOURCE;
				MTL_FAST_MATH = YES;
				ONLY_ACTIVE_ARCH = YES;
				SDKROOT = iphoneos;
				SWIFT_ACTIVE_COMPILATION_CONDITIONS = DEBUG;
				SWIFT_OPTIMIZATION_LEVEL = "-Onone";
			};
			name = Debug;
		};
		E4D401D52BB2C60D00B4E5C4 /* Release */ = {
			isa = XCBuildConfiguration;
			buildSettings = {
				ALWAYS_SEARCH_USER_PATHS = NO;
				CLANG_ANALYZER_NONNULL = YES;
				CLANG_ANALYZER_NUMBER_OBJECT_CONVERSION = YES_AGGRESSIVE;
				CLANG_CXX_LANGUAGE_STANDARD = "gnu++20";
				CLANG_ENABLE_MODULES = YES;
				CLANG_ENABLE_OBJC_ARC = YES;
				CLANG_ENABLE_OBJC_WEAK = YES;
				CLANG_WARN_BLOCK_CAPTURE_AUTORELEASING = YES;
				CLANG_WARN_BOOL_CONVERSION = YES;
				CLANG_WARN_COMMA = YES;
				CLANG_WARN_CONSTANT_CONVERSION = YES;
				CLANG_WARN_DEPRECATED_OBJC_IMPLEMENTATIONS = YES;
				CLANG_WARN_DIRECT_OBJC_ISA_USAGE = YES_ERROR;
				CLANG_WARN_DOCUMENTATION_COMMENTS = YES;
				CLANG_WARN_EMPTY_BODY = YES;
				CLANG_WARN_ENUM_CONVERSION = YES;
				CLANG_WARN_INFINITE_RECURSION = YES;
				CLANG_WARN_INT_CONVERSION = YES;
				CLANG_WARN_NON_LITERAL_NULL_CONVERSION = YES;
				CLANG_WARN_OBJC_IMPLICIT_RETAIN_SELF = YES;
				CLANG_WARN_OBJC_LITERAL_CONVERSION = YES;
				CLANG_WARN_OBJC_ROOT_CLASS = YES_ERROR;
				CLANG_WARN_QUOTED_INCLUDE_IN_FRAMEWORK_HEADER = YES;
				CLANG_WARN_RANGE_LOOP_ANALYSIS = YES;
				CLANG_WARN_STRICT_PROTOTYPES = YES;
				CLANG_WARN_SUSPICIOUS_MOVE = YES;
				CLANG_WARN_UNGUARDED_AVAILABILITY = YES_AGGRESSIVE;
				CLANG_WARN_UNREACHABLE_CODE = YES;
				CLANG_WARN__DUPLICATE_METHOD_MATCH = YES;
				COPY_PHASE_STRIP = NO;
				DEBUG_INFORMATION_FORMAT = "dwarf-with-dsym";
				ENABLE_NS_ASSERTIONS = NO;
				ENABLE_STRICT_OBJC_MSGSEND = YES;
				GCC_C_LANGUAGE_STANDARD = gnu11;
				GCC_NO_COMMON_BLOCKS = YES;
				GCC_WARN_64_TO_32_BIT_CONVERSION = YES;
				GCC_WARN_ABOUT_RETURN_TYPE = YES_ERROR;
				GCC_WARN_UNDECLARED_SELECTOR = YES;
				GCC_WARN_UNINITIALIZED_AUTOS = YES_AGGRESSIVE;
				GCC_WARN_UNUSED_FUNCTION = YES;
				GCC_WARN_UNUSED_VARIABLE = YES;
				IPHONEOS_DEPLOYMENT_TARGET = 16.4;
				MTL_ENABLE_DEBUG_INFO = NO;
				MTL_FAST_MATH = YES;
				SDKROOT = iphoneos;
				SWIFT_COMPILATION_MODE = wholemodule;
				SWIFT_OPTIMIZATION_LEVEL = "-O";
				VALIDATE_PRODUCT = YES;
			};
			name = Release;
		};
		E4D401D72BB2C60D00B4E5C4 /* Debug */ = {
			isa = XCBuildConfiguration;
			buildSettings = {
				ASSETCATALOG_COMPILER_APPICON_NAME = AppIcon;
				ASSETCATALOG_COMPILER_GLOBAL_ACCENT_COLOR_NAME = AccentColor;
				CODE_SIGN_ENTITLEMENTS = Capstone/Capstone.entitlements;
				CODE_SIGN_STYLE = Automatic;
				CURRENT_PROJECT_VERSION = 1;
				DEVELOPMENT_TEAM = Q653PU93R6;
				GENERATE_INFOPLIST_FILE = YES;
				INFOPLIST_FILE = Capstone/Info.plist;
				INFOPLIST_KEY_CFBundleDisplayName = "치유";
				INFOPLIST_KEY_NSMicrophoneUsageDescription = "음성 분석을 위한 권한 허용이 필요합니다";
				INFOPLIST_KEY_UIApplicationSupportsIndirectInputEvents = YES;
				INFOPLIST_KEY_UILaunchStoryboardName = LaunchScreen;
				INFOPLIST_KEY_UISupportedInterfaceOrientations_iPad = "UIInterfaceOrientationPortrait UIInterfaceOrientationPortraitUpsideDown UIInterfaceOrientationLandscapeLeft UIInterfaceOrientationLandscapeRight";
				INFOPLIST_KEY_UISupportedInterfaceOrientations_iPhone = "UIInterfaceOrientationPortrait UIInterfaceOrientationLandscapeLeft UIInterfaceOrientationLandscapeRight";
				INFOPLIST_KEY_UIUserInterfaceStyle = Light;
				LD_RUNPATH_SEARCH_PATHS = (
					"$(inherited)",
					"@executable_path/Frameworks",
				);
				MARKETING_VERSION = 1.0.0;
				PRODUCT_BUNDLE_IDENTIFIER = WEDLE.Capstone;
				PRODUCT_NAME = "$(TARGET_NAME)";
				SUPPORTED_PLATFORMS = "iphoneos iphonesimulator";
				SUPPORTS_MACCATALYST = NO;
				SUPPORTS_MAC_DESIGNED_FOR_IPHONE_IPAD = NO;
				SWIFT_EMIT_LOC_STRINGS = YES;
				SWIFT_VERSION = 5.0;
				TARGETED_DEVICE_FAMILY = 1;
			};
			name = Debug;
		};
		E4D401D82BB2C60D00B4E5C4 /* Release */ = {
			isa = XCBuildConfiguration;
			buildSettings = {
				ASSETCATALOG_COMPILER_APPICON_NAME = AppIcon;
				ASSETCATALOG_COMPILER_GLOBAL_ACCENT_COLOR_NAME = AccentColor;
				CODE_SIGN_ENTITLEMENTS = Capstone/Capstone.entitlements;
				CODE_SIGN_STYLE = Automatic;
				CURRENT_PROJECT_VERSION = 1;
				DEVELOPMENT_TEAM = Q653PU93R6;
				GENERATE_INFOPLIST_FILE = YES;
				INFOPLIST_FILE = Capstone/Info.plist;
				INFOPLIST_KEY_CFBundleDisplayName = "치유";
				INFOPLIST_KEY_NSMicrophoneUsageDescription = "음성 분석을 위한 권한 허용이 필요합니다";
				INFOPLIST_KEY_UIApplicationSupportsIndirectInputEvents = YES;
				INFOPLIST_KEY_UILaunchStoryboardName = LaunchScreen;
				INFOPLIST_KEY_UISupportedInterfaceOrientations_iPad = "UIInterfaceOrientationPortrait UIInterfaceOrientationPortraitUpsideDown UIInterfaceOrientationLandscapeLeft UIInterfaceOrientationLandscapeRight";
				INFOPLIST_KEY_UISupportedInterfaceOrientations_iPhone = "UIInterfaceOrientationPortrait UIInterfaceOrientationLandscapeLeft UIInterfaceOrientationLandscapeRight";
				INFOPLIST_KEY_UIUserInterfaceStyle = Light;
				LD_RUNPATH_SEARCH_PATHS = (
					"$(inherited)",
					"@executable_path/Frameworks",
				);
				MARKETING_VERSION = 1.0.0;
				PRODUCT_BUNDLE_IDENTIFIER = WEDLE.Capstone;
				PRODUCT_NAME = "$(TARGET_NAME)";
				SUPPORTED_PLATFORMS = "iphoneos iphonesimulator";
				SUPPORTS_MACCATALYST = NO;
				SUPPORTS_MAC_DESIGNED_FOR_IPHONE_IPAD = NO;
				SWIFT_EMIT_LOC_STRINGS = YES;
				SWIFT_VERSION = 5.0;
				TARGETED_DEVICE_FAMILY = 1;
			};
			name = Release;
		};
/* End XCBuildConfiguration section */

/* Begin XCConfigurationList section */
		E4C58BC52BCE42B000A1AD58 /* Build configuration list for PBXNativeTarget "CapstoneTests" */ = {
			isa = XCConfigurationList;
			buildConfigurations = (
				E4C58BC32BCE42B000A1AD58 /* Debug */,
				E4C58BC42BCE42B000A1AD58 /* Release */,
			);
			defaultConfigurationIsVisible = 0;
			defaultConfigurationName = Release;
		};
		E4C58BD02BCE430400A1AD58 /* Build configuration list for PBXNativeTarget "CapstoneUnitsTests" */ = {
			isa = XCConfigurationList;
			buildConfigurations = (
				E4C58BD12BCE430400A1AD58 /* Debug */,
				E4C58BD22BCE430400A1AD58 /* Release */,
			);
			defaultConfigurationIsVisible = 0;
			defaultConfigurationName = Release;
		};
		E4C58BDF2BCE44A200A1AD58 /* Build configuration list for PBXNativeTarget "CapstoneUITests" */ = {
			isa = XCConfigurationList;
			buildConfigurations = (
				E4C58BE02BCE44A200A1AD58 /* Debug */,
				E4C58BE12BCE44A200A1AD58 /* Release */,
			);
			defaultConfigurationIsVisible = 0;
			defaultConfigurationName = Release;
		};
		E4D401BD2BB2C60C00B4E5C4 /* Build configuration list for PBXProject "Capstone" */ = {
			isa = XCConfigurationList;
			buildConfigurations = (
				E4D401D42BB2C60D00B4E5C4 /* Debug */,
				E4D401D52BB2C60D00B4E5C4 /* Release */,
			);
			defaultConfigurationIsVisible = 0;
			defaultConfigurationName = Release;
		};
		E4D401D62BB2C60D00B4E5C4 /* Build configuration list for PBXNativeTarget "Capstone" */ = {
			isa = XCConfigurationList;
			buildConfigurations = (
				E4D401D72BB2C60D00B4E5C4 /* Debug */,
				E4D401D82BB2C60D00B4E5C4 /* Release */,
			);
			defaultConfigurationIsVisible = 0;
			defaultConfigurationName = Release;
		};
/* End XCConfigurationList section */

/* Begin XCRemoteSwiftPackageReference section */
		E4D401E22BB2CDFE00B4E5C4 /* XCRemoteSwiftPackageReference "SnapKit" */ = {
			isa = XCRemoteSwiftPackageReference;
			repositoryURL = "https://github.com/SnapKit/SnapKit.git";
			requirement = {
				kind = upToNextMajorVersion;
				minimumVersion = 5.0.0;
			};
		};
		E4D401E52BB2CE0B00B4E5C4 /* XCRemoteSwiftPackageReference "SwiftKeychainWrapper" */ = {
			isa = XCRemoteSwiftPackageReference;
			repositoryURL = "https://github.com/jrendel/SwiftKeychainWrapper.git";
			requirement = {
				kind = upToNextMajorVersion;
				minimumVersion = 4.0.0;
			};
		};
		E4D401E82BB2CE1E00B4E5C4 /* XCRemoteSwiftPackageReference "RxSwift" */ = {
			isa = XCRemoteSwiftPackageReference;
			repositoryURL = "https://github.com/ReactiveX/RxSwift.git";
			requirement = {
				kind = upToNextMajorVersion;
				minimumVersion = 6.0.0;
			};
		};
		E4D401EF2BB2CE2D00B4E5C4 /* XCRemoteSwiftPackageReference "Alamofire" */ = {
			isa = XCRemoteSwiftPackageReference;
			repositoryURL = "https://github.com/Alamofire/Alamofire.git";
			requirement = {
				kind = upToNextMajorVersion;
				minimumVersion = 5.0.0;
			};
		};
		E4D401F52BB3E1CC00B4E5C4 /* XCRemoteSwiftPackageReference "Kingfisher" */ = {
			isa = XCRemoteSwiftPackageReference;
			repositoryURL = "https://github.com/onevcat/Kingfisher.git";
			requirement = {
				kind = upToNextMajorVersion;
				minimumVersion = 7.0.0;
			};
		};
		E4D401F82BB3E1E500B4E5C4 /* XCRemoteSwiftPackageReference "NVActivityIndicatorView" */ = {
			isa = XCRemoteSwiftPackageReference;
			repositoryURL = "https://github.com/ninjaprox/NVActivityIndicatorView.git";
			requirement = {
				kind = upToNextMajorVersion;
				minimumVersion = 5.0.0;
			};
		};
		E4D4020A2BB3EFB400B4E5C4 /* XCRemoteSwiftPackageReference "Charts" */ = {
			isa = XCRemoteSwiftPackageReference;
			repositoryURL = "https://github.com/danielgindi/Charts.git";
			requirement = {
				kind = upToNextMajorVersion;
				minimumVersion = 5.0.0;
			};
		};
/* End XCRemoteSwiftPackageReference section */

/* Begin XCSwiftPackageProductDependency section */
		E4D401E32BB2CDFE00B4E5C4 /* SnapKit */ = {
			isa = XCSwiftPackageProductDependency;
			package = E4D401E22BB2CDFE00B4E5C4 /* XCRemoteSwiftPackageReference "SnapKit" */;
			productName = SnapKit;
		};
		E4D401E62BB2CE0B00B4E5C4 /* SwiftKeychainWrapper */ = {
			isa = XCSwiftPackageProductDependency;
			package = E4D401E52BB2CE0B00B4E5C4 /* XCRemoteSwiftPackageReference "SwiftKeychainWrapper" */;
			productName = SwiftKeychainWrapper;
		};
		E4D401E92BB2CE1E00B4E5C4 /* RxCocoa */ = {
			isa = XCSwiftPackageProductDependency;
			package = E4D401E82BB2CE1E00B4E5C4 /* XCRemoteSwiftPackageReference "RxSwift" */;
			productName = RxCocoa;
		};
		E4D401EB2BB2CE1E00B4E5C4 /* RxRelay */ = {
			isa = XCSwiftPackageProductDependency;
			package = E4D401E82BB2CE1E00B4E5C4 /* XCRemoteSwiftPackageReference "RxSwift" */;
			productName = RxRelay;
		};
		E4D401ED2BB2CE1E00B4E5C4 /* RxSwift */ = {
			isa = XCSwiftPackageProductDependency;
			package = E4D401E82BB2CE1E00B4E5C4 /* XCRemoteSwiftPackageReference "RxSwift" */;
			productName = RxSwift;
		};
		E4D401F02BB2CE2D00B4E5C4 /* Alamofire */ = {
			isa = XCSwiftPackageProductDependency;
			package = E4D401EF2BB2CE2D00B4E5C4 /* XCRemoteSwiftPackageReference "Alamofire" */;
			productName = Alamofire;
		};
		E4D401F62BB3E1CC00B4E5C4 /* Kingfisher */ = {
			isa = XCSwiftPackageProductDependency;
			package = E4D401F52BB3E1CC00B4E5C4 /* XCRemoteSwiftPackageReference "Kingfisher" */;
			productName = Kingfisher;
		};
		E4D401F92BB3E1E500B4E5C4 /* NVActivityIndicatorView */ = {
			isa = XCSwiftPackageProductDependency;
			package = E4D401F82BB3E1E500B4E5C4 /* XCRemoteSwiftPackageReference "NVActivityIndicatorView" */;
			productName = NVActivityIndicatorView;
		};
		E4D401FB2BB3E1E500B4E5C4 /* NVActivityIndicatorViewExtended */ = {
			isa = XCSwiftPackageProductDependency;
			package = E4D401F82BB3E1E500B4E5C4 /* XCRemoteSwiftPackageReference "NVActivityIndicatorView" */;
			productName = NVActivityIndicatorViewExtended;
		};
		E4D4020B2BB3EFB400B4E5C4 /* DGCharts */ = {
			isa = XCSwiftPackageProductDependency;
			package = E4D4020A2BB3EFB400B4E5C4 /* XCRemoteSwiftPackageReference "Charts" */;
			productName = DGCharts;
		};
/* End XCSwiftPackageProductDependency section */
	};
	rootObject = E4D401BA2BB2C60C00B4E5C4 /* Project object */;
}
